hash: 8cf97a34454127a814e35e0dfe1dc20fc91bcf271c3f510712ac2952ac6cb361
updated: 2017-09-10T18:15:37.418514444-07:00
imports:
- name: github.com/comail/colog
  version: fba8e7b1f46c3607f09760ce3880066e7ff57c5a
- name: github.com/hibooboo2/gocat
  version: 2ca45cd83e7600a6c501b3939b5816ed95574053
  subpackages:
  - lol
- name: golang.org/x/sync
  version: f52d1811a62927559de87708c8913c1650ce4f26
  subpackages:
  - syncmap
- name: gopkg.in/mgo.v2
  version: 3f83fa5005286a7fe593b055f0d7771a7dce4655
  subpackages:
  - bson
  - internal/json
  - internal/sasl
  - internal/scram
testImports: []
